github.com/HenryGeorgist/go-statistics v0.0.0-20210125164034-3542879c2b55 h1:2C5cDOo+Fpaa8ZQ/iicerKp9iAzDaSGW1BqQDpZfB9o=
github.com/HenryGeorgist/go-statistics v0.0.0-20210125164034-3542879c2b55/go.mod h1:nRh6hALDQyZeIOkky6G6Uq+t4nUBWH4BnIBpKEkmxnI=
github.com/HenryGeorgist/go-statistics v0.0.0-20210320023908-0c2f15b2445f h1:bUOLwbDCOWp3Ve4RpYZ383QOePjvfNKa3bIDww6bKqE=
github.com/HenryGeorgist/go-statistics v0.0.0-20210320023908-0c2f15b2445f/go.mod h1:nRh6hALDQyZeIOkky6G6Uq+t4nUBWH4BnIBpKEkmxnI=
github.com/dewberry/gdal v0.3.1 h1:scISo4PeC3LxjVnG2E5SYIHwbCI2LzcKvoeqbnoQNVc=
github.com/dewberry/gdal v0.3.1/go.mod h1:3knazvb7vQFrFAl7+iWI34xP0iiRS7iRFZ1C4Jfwx7Q=
