github.com/HenryGeorgist/go-statistics v0.0.0-20210125164034-3542879c2b55 h1:2C5cDOo+Fpaa8ZQ/iicerKp9iAzDaSGW1BqQDpZfB9o=
github.com/HenryGeorgist/go-statistics v0.0.0-20210125164034-3542879c2b55/go.mod h1:nRh6hALDQyZeIOkky6G6Uq+t4nUBWH4BnIBpKEkmxnI=
github.com/HenryGeorgist/go-statistics v0.0.0-20210320023908-0c2f15b2445f h1:bUOLwbDCOWp3Ve4RpYZ383QOePjvfNKa3bIDww6bKqE=
github.com/HenryGeorgist/go-statistics v0.0.0-20210320023908-0c2f15b2445f/go.mod h1:nRh6hALDQyZeIOkky6G6Uq+t4nUBWH4BnIBpKEkmxnI=
github.com/HenryGeorgist/go-statistics v0.0.0-20210329220505-744db5e6a41f h1:eIJ2z85lP1fUFozLHBby1vWLmxTsx8fYwpctDfyVtQg=
github.com/HenryGeorgist/go-statistics v0.0.0-20210329220505-744db5e6a41f/go.mod h1:nRh6hALDQyZeIOkky6G6Uq+t4nUBWH4BnIBpKEkmxnI=
github.com/HenryGeorgist/go-statistics v0.0.0-20210329221111-af13727c6803 h1:q3iO43xD9f9vLecvE0dO7bxR1nBplkzR0xmlEnEkuzU=
github.com/HenryGeorgist/go-statistics v0.0.0-20210329221111-af13727c6803/go.mod h1:nRh6hALDQyZeIOkky6G6Uq+t4nUBWH4BnIBpKEkmxnI=
github.com/cockroachdb/apd v1.1.0 h1:3LFP3629v+1aKXU5Q37mxmRxX/pIu1nijXydLShEq5I=
github.com/cockroachdb/apd v1.1.0/go.mod h1:8Sl8LxpKi29FqWXR16WEFZRNSz3SoPzUzeMeY4+DwBQ=
github.com/dewberry/gdal v0.3.1 h1:scISo4PeC3LxjVnG2E5SYIHwbCI2LzcKvoeqbnoQNVc=
github.com/dewberry/gdal v0.3.1/go.mod h1:3knazvb7vQFrFAl7+iWI34xP0iiRS7iRFZ1C4Jfwx7Q=
github.com/dustin/go-humanize v1.0.0 h1:VSnTsYCnlFHaM2/igO1h6X3HA71jcobQuxemgkq4zYo=
github.com/dustin/go-humanize v1.0.0/go.mod h1:HtrtbFcZ19U5GC7JDqmcUSB87Iq5E25KnS6fMYU6eOk=
github.com/leekchan/accounting v1.0.0 h1:+Wd7dJ//dFPa28rc1hjyy+qzCbXPMR91Fb6F1VGTQHg=
github.com/leekchan/accounting v1.0.0/go.mod h1:3timm6YPhY3YDaGxl0q3eaflX0eoSx3FXn7ckHe4tO0=
github.com/lib/pq v1.0.0/go.mod h1:5WUZQaWbwv1U+lTReE5YruASi9Al49XbQIvNi/34Woo=
github.com/pkg/errors v0.8.1 h1:iURUrRGxPUNPdy5/HRSm+Yj6okJ6UtLINN0Q9M4+h3I=
github.com/pkg/errors v0.8.1/go.mod h1:bwawxfHBFNV+L2hUp1rHADufV3IMtnDRdf1r5NINEl0=
github.com/shopspring/decimal v0.0.0-20180709203117-cd690d0c9e24 h1:pntxY8Ary0t43dCZ5dqY4YTJCObLY1kIXl0uzMv+7DE=
github.com/shopspring/decimal v0.0.0-20180709203117-cd690d0c9e24/go.mod h1:M+9NzErvs504Cn4c5DxATwIqPbtswREoFCre64PpcG4=
